<?xml version="1.0" encoding="utf-8"?>
<Project ToolsVersion="4.0" xmlns="http://schemas.microsoft.com/developer/msbuild/2003">
  <ItemGroup>
    <ClCompile Include="OCCTProxy.cpp" />
    <ClCompile Include="MakeBottle.cpp">
      <Filter>源文件</Filter>
    </ClCompile>
    <ClCompile Include="MaterialModel.cpp">
      <Filter>源文件</Filter>
    </ClCompile>
    <ClCompile Include="MakeCrossSection.cpp">
      <Filter>源文件</Filter>
    </ClCompile>
  </ItemGroup>
  <ItemGroup>
    <Filter Include="头文件">
      <UniqueIdentifier>{7037b5e2-0c66-4a03-839a-993af692904a}</UniqueIdentifier>
    </Filter>
    <Filter Include="源文件">
      <UniqueIdentifier>{74d8cb53-da73-4b06-96bb-c1dccc1b81ff}</UniqueIdentifier>
    </Filter>
  </ItemGroup>
  <ItemGroup>
    <ClInclude Include="MakeBottle.h">
      <Filter>头文件</Filter>
    </ClInclude>
    <ClInclude Include="OCCTProxy.h">
      <Filter>头文件</Filter>
    </ClInclude>
    <ClInclude Include="MaterialModel.h">
      <Filter>头文件</Filter>
    </ClInclude>
    <ClInclude Include="MakeCrossSection.h">
      <Filter>头文件</Filter>
    </ClInclude>
  </ItemGroup>
</Project>